{
  "requires": true,
  "lockfileVersion": 1,
  "dependencies": {
    "@types/ramda": {
      "version": "0.25.47",
      "resolved": "https://registry.npmjs.org/@types/ramda/-/ramda-0.25.47.tgz",
      "integrity": "sha512-+ffSU83+PR4/cZtNTkUcFkg70sK4GePle7p5h05bQ37ycPumOx/TBpU52bt36GKDlds6tCqXheqPvgC52MMLug=="
    },
    "lint": {
      "version": "1.1.2"
    }
  }
}
