# THIS IS AN AUTOGENERATED FILE. DO NOT EDIT THIS FILE DIRECTLY.
# yarn lockfile v1


"@types/async@^2.0.31":
  version "2.0.38"
  resolved "https://registry.yarnpkg.com/@types/async/-/async-2.0.38.tgz#5c369dcb14788da0621daafa8594a053b0edcb21"

"@types/graphql@^0.8.0":
  version "0.8.6"
  resolved "https://registry.yarnpkg.com/@types/graphql/-/graphql-0.8.6.tgz#b34fb880493ba835b0c067024ee70130d6f9bb68"

"@types/isomorphic-fetch@0.0.30":
  version "0.0.30"
  resolved "https://registry.yarnpkg.com/@types/isomorphic-fetch/-/isomorphic-fetch-0.0.30.tgz#a21717624cde9a48c2db53a4e500fc5c32a99bbc"

apollo-client@0.8.1:
  version "0.8.1"
  resolved "https://registry.yarnpkg.com/apollo-client/-/apollo-client-0.8.1.tgz#a7032e88f75170b35db2ac3c3acfd2b4adbf9a2a"
  dependencies:
    graphql-anywhere "^2.1.0"
    graphql-tag "^1.1.1"
    redux "^3.4.0"
    symbol-observable "^1.0.2"
    whatwg-fetch "^2.0.0"
  optionalDependencies:
    "@types/async" "^2.0.31"
    "@types/graphql" "^0.8.0"
    "@types/isomorphic-fetch" "0.0.30"

asap@~2.0.3:
  version "2.0.5"
  resolved "https://registry.yarnpkg.com/asap/-/asap-2.0.5.tgz#522765b50c3510490e52d7dcfe085ef9ba96958f"

classnames@2.2.5:
  version "2.2.5"
  resolved "https://registry.yarnpkg.com/classnames/-/classnames-2.2.5.tgz#fb3801d453467649ef3603c7d61a02bd129bde6d"

core-js@^1.0.0:
  version "1.2.7"
  resolved "https://registry.yarnpkg.com/core-js/-/core-js-1.2.7.tgz#652294c14651db28fa93bd2d5ff2983a4f08c636"

deep-equal@1.0.1:
  version "1.0.1"
  resolved "https://registry.yarnpkg.com/deep-equal/-/deep-equal-1.0.1.tgz#f5d260292b660e084eff4cdbc9f08ad3247448b5"

encoding@^0.1.11:
  version "0.1.12"
  resolved "https://registry.yarnpkg.com/encoding/-/encoding-0.1.12.tgz#538b66f3ee62cd1ab51ec323829d1f9480c74beb"
  dependencies:
    iconv-lite "~0.4.13"

exenv@1.2.1, exenv@^1.2.1:
  version "1.2.1"
  resolved "https://registry.yarnpkg.com/exenv/-/exenv-1.2.1.tgz#75de1c8dee02e952b102aa17f8875973e0df14f9"

fbjs@^0.8.1, fbjs@^0.8.4:
  version "0.8.9"
  resolved "https://registry.yarnpkg.com/fbjs/-/fbjs-0.8.9.tgz#180247fbd347dcc9004517b904f865400a0c8f14"
  dependencies:
    core-js "^1.0.0"
    isomorphic-fetch "^2.1.1"
    loose-envify "^1.0.0"
    object-assign "^4.1.0"
    promise "^7.1.1"
    setimmediate "^1.0.5"
    ua-parser-js "^0.7.9"

graphql-anywhere@^2.0.0, graphql-anywhere@^2.1.0:
  version "2.1.0"
  resolved "https://registry.yarnpkg.com/graphql-anywhere/-/graphql-anywhere-2.1.0.tgz#888c0a1718db3ff866b313070747777380560f69"

graphql-tag@1.2.4, graphql-tag@^1.1.1:
  version "1.2.4"
  resolved "https://registry.yarnpkg.com/graphql-tag/-/graphql-tag-1.2.4.tgz#90c59bea41378513fd7213dc92537fcd20e4570f"

history@4.5.1:
  version "4.5.1"
  resolved "https://registry.yarnpkg.com/history/-/history-4.5.1.tgz#44935a51021e3b8e67ebac267a35675732aba569"
  dependencies:
    invariant "^2.2.1"
    loose-envify "^1.2.0"
    resolve-pathname "^2.0.0"
    value-equal "^0.2.0"
    warning "^3.0.0"

hoist-non-react-statics@^1.2.0:
  version "1.2.0"
  resolved "https://registry.yarnpkg.com/hoist-non-react-statics/-/hoist-non-react-statics-1.2.0.tgz#aa448cf0986d55cc40773b17174b7dd066cb7cfb"

iconv-lite@~0.4.13:
  version "0.4.15"
  resolved "https://registry.yarnpkg.com/iconv-lite/-/iconv-lite-0.4.15.tgz#fe265a218ac6a57cfe854927e9d04c19825eddeb"

intl-format-cache@^2.0.5:
  version "2.0.5"
  resolved "https://registry.yarnpkg.com/intl-format-cache/-/intl-format-cache-2.0.5.tgz#b484cefcb9353f374f25de389a3ceea1af18d7c9"

intl-messageformat-parser@1.2.0:
  version "1.2.0"
  resolved "https://registry.yarnpkg.com/intl-messageformat-parser/-/intl-messageformat-parser-1.2.0.tgz#5906b7f953ab7470e0dc8549097b648b991892ff"

intl-messageformat@1.3.0, intl-messageformat@^1.3.0:
  version "1.3.0"
  resolved "https://registry.yarnpkg.com/intl-messageformat/-/intl-messageformat-1.3.0.tgz#f7d926aded7a3ab19b2dc601efd54e99a4bd4eae"
  dependencies:
    intl-messageformat-parser "1.2.0"

intl-relativeformat@^1.3.0:
  version "1.3.0"
  resolved "https://registry.yarnpkg.com/intl-relativeformat/-/intl-relativeformat-1.3.0.tgz#893dc7076fccd380cf091a2300c380fa57ace45b"
  dependencies:
    intl-messageformat "1.3.0"

intl@1.2.5:
  version "1.2.5"
  resolved "https://registry.yarnpkg.com/intl/-/intl-1.2.5.tgz#82244a2190c4e419f8371f5aa34daa3420e2abde"

invariant@^2.1.1, invariant@^2.2.1:
  version "2.2.2"
  resolved "https://registry.yarnpkg.com/invariant/-/invariant-2.2.2.tgz#9e1f56ac0acdb6bf303306f338be3b204ae60360"
  dependencies:
    loose-envify "^1.0.0"

is-stream@^1.0.1:
  version "1.1.0"
  resolved "https://registry.yarnpkg.com/is-stream/-/is-stream-1.1.0.tgz#12d4a3dd4e68e0b79ceb8dbc84173ae80d91ca44"

isomorphic-fetch@^2.1.1, isomorphic-fetch@^2.2.1:
  version "2.2.1"
  resolved "https://registry.yarnpkg.com/isomorphic-fetch/-/isomorphic-fetch-2.2.1.tgz#611ae1acf14f5e81f729507472819fe9733558a9"
  dependencies:
    node-fetch "^1.0.1"
    whatwg-fetch ">=0.10.0"

js-tokens@^3.0.0:
  version "3.0.1"
  resolved "https://registry.yarnpkg.com/js-tokens/-/js-tokens-3.0.1.tgz#08e9f132484a2c45a30907e9dc4d5567b7f114d7"

lodash-es@^4.2.1:
  version "4.17.4"
  resolved "https://registry.yarnpkg.com/lodash-es/-/lodash-es-4.17.4.tgz#dcc1d7552e150a0640073ba9cb31d70f032950e7"

lodash._getnative@^3.0.0:
  version "3.9.1"
  resolved "https://registry.yarnpkg.com/lodash._getnative/-/lodash._getnative-3.9.1.tgz#570bc7dede46d61cdcde687d65d3eecbaa3aaff5"

lodash.flatten@^4.2.0:
  version "4.4.0"
  resolved "https://registry.yarnpkg.com/lodash.flatten/-/lodash.flatten-4.4.0.tgz#f31c22225a9632d2bbf8e4addbef240aa765a61f"

lodash.isarguments@^3.0.0:
  version "3.1.0"
  resolved "https://registry.yarnpkg.com/lodash.isarguments/-/lodash.isarguments-3.1.0.tgz#2f573d85c6a24289ff00663b491c1d338ff3458a"

lodash.isarray@^3.0.0:
  version "3.0.4"
  resolved "https://registry.yarnpkg.com/lodash.isarray/-/lodash.isarray-3.0.4.tgz#79e4eb88c36a8122af86f844aa9bcd851b5fbb55"

lodash.isequal@^4.1.1:
  version "4.5.0"
  resolved "https://registry.yarnpkg.com/lodash.isequal/-/lodash.isequal-4.5.0.tgz#415c4478f2bcc30120c22ce10ed3226f7d3e18e0"

lodash.isobject@^3.0.2:
  version "3.0.2"
  resolved "https://registry.yarnpkg.com/lodash.isobject/-/lodash.isobject-3.0.2.tgz#3c8fb8d5b5bf4bf90ae06e14f2a530a4ed935e1d"

lodash.keys@^3.1.2:
  version "3.1.2"
  resolved "https://registry.yarnpkg.com/lodash.keys/-/lodash.keys-3.1.2.tgz#4dbc0472b156be50a0b286855d1bd0b0c656098a"
  dependencies:
    lodash._getnative "^3.0.0"
    lodash.isarguments "^3.0.0"
    lodash.isarray "^3.0.0"

lodash.pick@^4.4.0:
  version "4.4.0"
  resolved "https://registry.yarnpkg.com/lodash.pick/-/lodash.pick-4.4.0.tgz#52f05610fff9ded422611441ed1fc123a03001b3"

lodash@^4.2.1:
  version "4.17.4"
  resolved "https://registry.yarnpkg.com/lodash/-/lodash-4.17.4.tgz#78203a4d1c328ae1d86dca6460e369b57f4055ae"

loose-envify@^1.0.0, loose-envify@^1.1.0, loose-envify@^1.2.0:
  version "1.3.1"
  resolved "https://registry.yarnpkg.com/loose-envify/-/loose-envify-1.3.1.tgz#d1a8ad33fa9ce0e713d65fdd0ac8b748d478c848"
  dependencies:
    js-tokens "^3.0.0"

node-fetch@^1.0.1:
  version "1.6.3"
  resolved "https://registry.yarnpkg.com/node-fetch/-/node-fetch-1.6.3.tgz#dc234edd6489982d58e8f0db4f695029abcd8c04"
  dependencies:
    encoding "^0.1.11"
    is-stream "^1.0.1"

object-assign@^4.0.1, object-assign@^4.1.0:
  version "4.1.1"
  resolved "https://registry.yarnpkg.com/object-assign/-/object-assign-4.1.1.tgz#2109adc7965887cfc05cbbd442cac8bfbb360863"

preact-compat@^3.13.1:
  version "3.13.1"
  resolved "https://registry.yarnpkg.com/preact-compat/-/preact-compat-3.13.1.tgz#efe46e072a8eee0774a41e362b4b253c1d66726a"
  dependencies:
    preact-render-to-string "^3.2.1"
    preact-transition-group "^1.1.0"
    proptypes "^0.14.3"
    standalone-react-addons-pure-render-mixin "^0.1.1"

preact-render-to-string@^3.2.1:
  version "3.6.0"
  resolved "https://registry.yarnpkg.com/preact-render-to-string/-/preact-render-to-string-3.6.0.tgz#03a49d2d755a766c3d421e8b06d6edbb33ed6bde"
  dependencies:
    pretty-format "^3.5.1"

preact-transition-group@^1.1.0:
  version "1.1.0"
  resolved "https://registry.yarnpkg.com/preact-transition-group/-/preact-transition-group-1.1.0.tgz#97d0beff0790d721faecd2560c02cd30d5426f23"

preact@^7.2.0:
  version "7.2.0"
  resolved "https://registry.yarnpkg.com/preact/-/preact-7.2.0.tgz#8aacc97465a65509bc556604a7750d48e2fa7ad1"

pretty-format@^3.5.1:
  version "3.8.0"
  resolved "https://registry.yarnpkg.com/pretty-format/-/pretty-format-3.8.0.tgz#bfbed56d5e9a776645f4b1ff7aa1a3ac4fa3c385"

promise@^7.1.1:
  version "7.1.1"
  resolved "https://registry.yarnpkg.com/promise/-/promise-7.1.1.tgz#489654c692616b8aa55b0724fa809bb7db49c5bf"
  dependencies:
    asap "~2.0.3"

proptypes@^0.14.3:
  version "0.14.4"
  resolved "https://registry.yarnpkg.com/proptypes/-/proptypes-0.14.4.tgz#1ead7600d44472a614aa1cf0c4cccee7d867997d"

react-apollo@0.9.0:
  version "0.9.0"
  resolved "https://registry.yarnpkg.com/react-apollo/-/react-apollo-0.9.0.tgz#a95d05ccf2f92b16a21fd41795e2876c9ea28d6e"
  dependencies:
    graphql-anywhere "^2.0.0"
    hoist-non-react-statics "^1.2.0"
    invariant "^2.2.1"
    lodash.flatten "^4.2.0"
    lodash.isequal "^4.1.1"
    lodash.isobject "^3.0.2"
    lodash.pick "^4.4.0"
    object-assign "^4.0.1"
  optionalDependencies:
    react-dom "0.14.x || 15.* || ^15.0.0"

"react-dom@0.14.x || 15.* || ^15.0.0", react-dom@15.4.2:
  version "15.4.2"
  resolved "https://registry.yarnpkg.com/react-dom/-/react-dom-15.4.2.tgz#015363f05b0a1fd52ae9efdd3a0060d90695208f"
  dependencies:
    fbjs "^0.8.1"
    loose-envify "^1.1.0"
    object-assign "^4.1.0"

react-helmet@4.0.0:
  version "4.0.0"
  resolved "https://registry.yarnpkg.com/react-helmet/-/react-helmet-4.0.0.tgz#df74bcd6ff585a1ccbbfba5aaa1c346cabc43d03"
  dependencies:
    deep-equal "1.0.1"
    object-assign "^4.0.1"
    react-side-effect "^1.1.0"

react-intl@2.2.3:
  version "2.2.3"
  resolved "https://registry.yarnpkg.com/react-intl/-/react-intl-2.2.3.tgz#8eebb03cddc38b337ed22fab78037ab53a594270"
  dependencies:
    intl-format-cache "^2.0.5"
    intl-messageformat "^1.3.0"
    intl-relativeformat "^1.3.0"
    invariant "^2.1.1"

react-side-effect@^1.1.0:
  version "1.1.0"
  resolved "https://registry.yarnpkg.com/react-side-effect/-/react-side-effect-1.1.0.tgz#57209f7ebc940d55e0fda82fe51422654175d609"
  dependencies:
    exenv "^1.2.1"
    shallowequal "^0.2.2"

react-tree-path@0.1.3:
  version "0.1.3"
  resolved "https://registry.yarnpkg.com/react-tree-path/-/react-tree-path-0.1.3.tgz#9c48e1e5d699e2e864dac2f61c0dfb754d03f00c"

react@15.4.2:
  version "15.4.2"
  resolved "https://registry.yarnpkg.com/react/-/react-15.4.2.tgz#41f7991b26185392ba9bae96c8889e7e018397ef"
  dependencies:
    fbjs "^0.8.4"
    loose-envify "^1.1.0"
    object-assign "^4.1.0"

redux@^3.4.0:
  version "3.6.0"
  resolved "https://registry.yarnpkg.com/redux/-/redux-3.6.0.tgz#887c2b3d0b9bd86eca2be70571c27654c19e188d"
  dependencies:
    lodash "^4.2.1"
    lodash-es "^4.2.1"
    loose-envify "^1.1.0"
    symbol-observable "^1.0.2"

resolve-pathname@^2.0.0:
  version "2.0.2"
  resolved "https://registry.yarnpkg.com/resolve-pathname/-/resolve-pathname-2.0.2.tgz#e55c016eb2e9df1de98e85002282bfb38c630436"

route-parser@0.0.5:
  version "0.0.5"
  resolved "https://registry.yarnpkg.com/route-parser/-/route-parser-0.0.5.tgz#7d1d09d335e49094031ea16991a4a79b01bbe1f4"

setimmediate@^1.0.5:
  version "1.0.5"
  resolved "https://registry.yarnpkg.com/setimmediate/-/setimmediate-1.0.5.tgz#290cbb232e306942d7d7ea9b83732ab7856f8285"

shallowequal@^0.2.2:
  version "0.2.2"
  resolved "https://registry.yarnpkg.com/shallowequal/-/shallowequal-0.2.2.tgz#1e32fd5bcab6ad688a4812cb0cc04efc75c7014e"
  dependencies:
    lodash.keys "^3.1.2"

standalone-react-addons-pure-render-mixin@^0.1.1:
  version "0.1.1"
  resolved "https://registry.yarnpkg.com/standalone-react-addons-pure-render-mixin/-/standalone-react-addons-pure-render-mixin-0.1.1.tgz#3c7409f4c79c40de9ac72c616cf679a994f37551"

symbol-observable@^1.0.2:
  version "1.0.4"
  resolved "https://registry.yarnpkg.com/symbol-observable/-/symbol-observable-1.0.4.tgz#29bf615d4aa7121bdd898b22d4b3f9bc4e2aa03d"

ua-parser-js@^0.7.9:
  version "0.7.12"
  resolved "https://registry.yarnpkg.com/ua-parser-js/-/ua-parser-js-0.7.12.tgz#04c81a99bdd5dc52263ea29d24c6bf8d4818a4bb"

value-equal@^0.2.0:
  version "0.2.0"
  resolved "https://registry.yarnpkg.com/value-equal/-/value-equal-0.2.0.tgz#4f41c60a3fc011139a2ec3d3340a8998ae8b69c0"

warning@^3.0.0:
  version "3.0.0"
  resolved "https://registry.yarnpkg.com/warning/-/warning-3.0.0.tgz#32e5377cb572de4ab04753bdf8821c01ed605b7c"
  dependencies:
    loose-envify "^1.0.0"

whatwg-fetch@>=0.10.0, whatwg-fetch@^2.0.0:
  version "2.0.2"
  resolved "https://registry.yarnpkg.com/whatwg-fetch/-/whatwg-fetch-2.0.2.tgz#fe294d1d89e36c5be8b3195057f2e4bc74fc980e"
