# THIS IS AN AUTOGENERATED FILE. DO NOT EDIT THIS FILE DIRECTLY.
# yarn lockfile v1
"@babel/runtime@^7.0.0-beta.38", "@babel/runtime@^7.0.0-beta.51":
  version "7.0.0-beta.52"
  resolved "https://registry.yarnpkg.com/@babel/runtime/-/runtime-7.0.0-beta.52.tgz#3f3b42b82b92b4e1a283fc78df1bb2fd4ba8d0c7"
  dependencies:
    core-js "^2.5.7"
    regenerator-runtime "^0.12.0"

"@sentry/browser@^4.0.6":
  version "4.0.6"
  resolved "https://registry.yarnpkg.com/@sentry/browser/-/browser-4.0.6.tgz#6a9183371c9d6c2c1905f14af17ad68e305ce918"
  dependencies:
    "@sentry/core" "4.0.6"
    "@sentry/types" "4.0.6"
    "@sentry/utils" "4.0.6"
    md5 "2.2.1"

"@sentry/core@4.0.6":
  version "4.0.6"
  resolved "https://registry.yarnpkg.com/@sentry/core/-/core-4.0.6.tgz#8e59445dde27e639ffcac23b4e40529cda4c9df7"
  dependencies:
    "@sentry/hub" "4.0.6"
    "@sentry/minimal" "4.0.6"
    "@sentry/types" "4.0.6"
    "@sentry/utils" "4.0.6"

"@sentry/hub@4.0.6":
  version "4.0.6"
  resolved "https://registry.yarnpkg.com/@sentry/hub/-/hub-4.0.6.tgz#ab86bd50d12234a0699857452e925069311f54d1"
  dependencies:
    "@sentry/types" "4.0.6"
    "@sentry/utils" "4.0.6"

"@sentry/minimal@4.0.6":
  version "4.0.6"
  resolved "https://registry.yarnpkg.com/@sentry/minimal/-/minimal-4.0.6.tgz#494d725f2d7c343724c47bbb0cd99302b6124e7d"
  dependencies:
    "@sentry/hub" "4.0.6"
    "@sentry/types" "4.0.6"

"@sentry/types@4.0.6":
  version "4.0.6"
  resolved "https://registry.yarnpkg.com/@sentry/types/-/types-4.0.6.tgz#421478df17415802baa4d5e2d3db246e559a0fad"

"@sentry/utils@4.0.6":
  version "4.0.6"
  resolved "https://registry.yarnpkg.com/@sentry/utils/-/utils-4.0.6.tgz#77ca73fb7d2c436914d2dd84fa975dd5b618246d"
  dependencies:
    "@sentry/types" "4.0.6"

"@types/apollo-upload-client@^8.1.0":
  version "8.1.0"
  resolved "https://registry.yarnpkg.com/@types/apollo-upload-client/-/apollo-upload-client-8.1.0.tgz#688fd68d15da59aacbd56951dedfa9a3ab5302cf"
  dependencies:
    "@types/extract-files" "*"
    apollo-link "^1.0.0"
    apollo-link-http-common "^0.2.4"

"@types/debounce@^1.0.0":
  version "1.0.0"
  resolved "https://registry.yarnpkg.com/@types/debounce/-/debounce-1.0.0.tgz#417560200331e1bb84d72da85391102c2fcd61b7"

"@types/extract-files@*":
  version "3.1.0"
  resolved "https://registry.yarnpkg.com/@types/extract-files/-/extract-files-3.1.0.tgz#a93ce5b82b81a9b420f3a6d14b9bfc043779fd2b"

"@types/graphql@^0.13.3":
  version "0.13.3"
  resolved "https://registry.yarnpkg.com/@types/graphql/-/graphql-0.13.3.tgz#23af65796d341f93ef5b485138bd52c67786452d"

"@types/history@^4.6.2":
  version "4.6.2"
  resolved "https://registry.yarnpkg.com/@types/history/-/history-4.6.2.tgz#12cfaba693ba20f114ed5765467ff25fdf67ddb0"

"@types/intl@^1.2.0":
  version "1.2.0"
  resolved "https://registry.yarnpkg.com/@types/intl/-/intl-1.2.0.tgz#1245511f13064402087979f498764611a3c758fc"

"@types/js-base64@^2.3.1":
  version "2.3.1"
  resolved "https://registry.yarnpkg.com/@types/js-base64/-/js-base64-2.3.1.tgz#c39f14f129408a3d96a1105a650d8b2b6eeb4168"

"@types/node@*", "@types/node@^9.4.7":
  version "9.4.7"
  resolved "https://registry.yarnpkg.com/@types/node/-/node-9.4.7.tgz#57d81cd98719df2c9de118f2d5f3b1120dcd7275"

"@types/prop-types@^15.5.2":
  version "15.5.2"
  resolved "https://registry.yarnpkg.com/@types/prop-types/-/prop-types-15.5.2.tgz#3c6b8dceb2906cc87fe4358e809f9d20c8d59be1"

"@types/qs@^6.5.1":
  version "6.5.1"
  resolved "https://registry.yarnpkg.com/@types/qs/-/qs-6.5.1.tgz#a38f69c62528d56ba7bd1f91335a8004988d72f7"

"@types/react-content-loader@^3.1.4":
  version "3.1.4"
  resolved "https://registry.yarnpkg.com/@types/react-content-loader/-/react-content-loader-3.1.4.tgz#ceb75c2b20b6e697e249c063ddc2b4f9ad32bb5e"
  dependencies:
    "@types/react" "*"

"@types/react-dom@^16.0.5":
  version "16.0.5"
  resolved "https://registry.yarnpkg.com/@types/react-dom/-/react-dom-16.0.5.tgz#a757457662e3819409229e8f86795ff37b371f96"
  dependencies:
    "@types/node" "*"
    "@types/react" "*"

"@types/react-helmet@^5.0.5":
  version "5.0.5"
  resolved "https://registry.yarnpkg.com/@types/react-helmet/-/react-helmet-5.0.5.tgz#30a12b0431732a20882f0fa9b75bf56ff91700d3"
  dependencies:
    "@types/react" "*"

"@types/react-hot-loader@^4.1.0":
  version "4.1.0"
  resolved "https://registry.yarnpkg.com/@types/react-hot-loader/-/react-hot-loader-4.1.0.tgz#8e072b44331ad0182918228c5d2bf514646760de"
  dependencies:
    "@types/node" "*"
    "@types/react" "*"

"@types/react-intl@^2.3.5":
  version "2.3.5"
  resolved "https://registry.yarnpkg.com/@types/react-intl/-/react-intl-2.3.5.tgz#eafa170d83c06302416075867a6fd219c1cf84d8"

"@types/react@*":
  version "16.0.40"
  resolved "https://registry.yarnpkg.com/@types/react/-/react-16.0.40.tgz#caabc2296886f40b67f6fc80f0f3464476461df9"

"@types/react@^16.3.16":
  version "16.3.16"
  resolved "https://registry.yarnpkg.com/@types/react/-/react-16.3.16.tgz#78fc44a90b45701f50c8a7008f733680ba51fc86"
  dependencies:
    csstype "^2.2.0"

"@types/route-parser@^0.1.1":
  version "0.1.1"
  resolved "https://registry.yarnpkg.com/@types/route-parser/-/route-parser-0.1.1.tgz#24b69588c68249f695122c230e547d3d6c8be095"

"@types/zen-observable@^0.8.0":
  version "0.8.0"
  resolved "https://registry.yarnpkg.com/@types/zen-observable/-/zen-observable-0.8.0.tgz#8b63ab7f1aa5321248aad5ac890a485656dcea4d"

ansi-regex@^2.0.0:
  version "2.1.1"
  resolved "https://registry.yarnpkg.com/ansi-regex/-/ansi-regex-2.1.1.tgz#c3b33ab5ee360d86e0e628f0468ae7ef27d654df"

ansi-styles@^2.2.1:
  version "2.2.1"
  resolved "https://registry.yarnpkg.com/ansi-styles/-/ansi-styles-2.2.1.tgz#b432dd3358b634cf75e1e4664368240533c1ddbe"

ansi-styles@^3.2.1:
  version "3.2.1"
  resolved "https://registry.yarnpkg.com/ansi-styles/-/ansi-styles-3.2.1.tgz#41fbb20243e50b12be0f04b8dedbf07520ce841d"
  dependencies:
    color-convert "^1.9.0"

apollo-cache-inmemory@^1.2.5:
  version "1.2.10"
  resolved "https://registry.yarnpkg.com/apollo-cache-inmemory/-/apollo-cache-inmemory-1.2.10.tgz#362d6c36cfd815a309b966f71e5d2b6c770c7989"
  dependencies:
    apollo-cache "^1.1.17"
    apollo-utilities "^1.0.21"
    graphql-anywhere "^4.1.19"

apollo-cache@^1.1.17:
  version "1.1.17"
  resolved "https://registry.yarnpkg.com/apollo-cache/-/apollo-cache-1.1.17.tgz#1fcca8423125223723b97fd72808be91a1a76490"
  dependencies:
    apollo-utilities "^1.0.21"

apollo-cache@1.1.25:
  version "1.1.25"
  resolved "https://registry.yarnpkg.com/apollo-cache/-/apollo-cache-1.1.25.tgz#87a15a2a19993bb07234ccee6839b59d6fb49ac5"
  dependencies:
    apollo-utilities "^1.1.2"
    tslib "^1.9.3"

apollo-client@^2.4.12:
  version "2.4.12"
  resolved "https://registry.yarnpkg.com/apollo-client/-/apollo-client-2.4.12.tgz#9fa15f502d04f8cc788a9fbb825163b437681504"
  dependencies:
    "@types/zen-observable" "^0.8.0"
    apollo-cache "1.1.25"
    apollo-link "^1.0.0"
    apollo-link-dedup "^1.0.0"
    apollo-utilities "1.1.2"
    symbol-observable "^1.0.2"
    tslib "^1.9.3"
    zen-observable "^0.8.0"

apollo-link-dedup@^1.0.0:
  version "1.0.13"
  resolved "https://registry.yarnpkg.com/apollo-link-dedup/-/apollo-link-dedup-1.0.13.tgz#bb22957e18b6125ae8bfb46cab6bda8d33ba8046"
  dependencies:
    apollo-link "^1.2.6"

apollo-link-http-common@^0.2.4, apollo-link-http-common@^0.2.5:
  version "0.2.5"
  resolved "https://registry.yarnpkg.com/apollo-link-http-common/-/apollo-link-http-common-0.2.5.tgz#d094beb7971523203359bf830bfbfa7b4e7c30ed"
  dependencies:
    apollo-link "^1.2.3"

apollo-link-http@^1.5.4:
  version "1.5.5"
  resolved "https://registry.yarnpkg.com/apollo-link-http/-/apollo-link-http-1.5.5.tgz#7dbe851821771ad67fa29e3900c57f38cbd80da8"
  dependencies:
    apollo-link "^1.2.3"
    apollo-link-http-common "^0.2.5"

apollo-link-persisted-queries@^0.2.1:
  version "0.2.1"
  resolved "https://registry.yarnpkg.com/apollo-link-persisted-queries/-/apollo-link-persisted-queries-0.2.1.tgz#723d43a8fdf1127939f0de6b86974b92c6cb24a2"
  dependencies:
    apollo-link "^1.2.1"
    hash.js "^1.1.3"

apollo-link-state:
  version "0.4.2"
  resolved "https://registry.yarnpkg.com/apollo-link-state/-/apollo-link-state-0.4.2.tgz#ac00e9be9b0ca89eae0be6ba31fe904b80bbe2e8"
  dependencies:
    apollo-utilities "^1.0.8"
    graphql-anywhere "^4.1.0-alpha.0"

apollo-link@^1.0.0, apollo-link@^1.2.3, apollo-link@^1.2.6:
  version "1.2.6"
  resolved "https://registry.yarnpkg.com/apollo-link/-/apollo-link-1.2.6.tgz#d9b5676d79c01eb4e424b95c7171697f6ad2b8da"
  dependencies:
    apollo-utilities "^1.0.0"
    zen-observable-ts "^0.8.13"

apollo-link@^1.2.1:
  version "1.2.3"
  resolved "https://registry.yarnpkg.com/apollo-link/-/apollo-link-1.2.3.tgz#9bd8d5fe1d88d31dc91dae9ecc22474d451fb70d"
  dependencies:
    apollo-utilities "^1.0.0"
    zen-observable-ts "^0.8.10"

apollo-upload-client@^8.1.0:
  version "8.1.0"
  resolved "https://registry.yarnpkg.com/apollo-upload-client/-/apollo-upload-client-8.1.0.tgz#db99eed6af926dbd54cb0bbde30345672c97fc5f"
  dependencies:
    "@babel/runtime" "^7.0.0-beta.51"
    apollo-link-http-common "^0.2.4"
    extract-files "^3.1.0"

apollo-utilities@^1.0.0, apollo-utilities@^1.0.8, apollo-utilities@^1.1.2, apollo-utilities@1.1.2:
  version "1.1.2"
  resolved "https://registry.yarnpkg.com/apollo-utilities/-/apollo-utilities-1.1.2.tgz#aa5eca9d1f1eb721c381a22e0dde03559d856db3"
  dependencies:
    fast-json-stable-stringify "^2.0.0"
    tslib "^1.9.3"

apollo-utilities@^1.0.16:
  version "1.0.16"
  resolved "https://registry.yarnpkg.com/apollo-utilities/-/apollo-utilities-1.0.16.tgz#787310df4c3900a68c0beb3d351c59725a588cdb"
  dependencies:
    fast-json-stable-stringify "^2.0.0"

apollo-utilities@^1.0.21:
  version "1.0.21"
  resolved "https://registry.yarnpkg.com/apollo-utilities/-/apollo-utilities-1.0.21.tgz#cb8b5779fe275850b16046ff8373f4af2de90765"
  dependencies:
    fast-json-stable-stringify "^2.0.0"
    fclone "^1.0.11"

argparse@^1.0.7:
  version "1.0.10"
  resolved "https://registry.yarnpkg.com/argparse/-/argparse-1.0.10.tgz#bcd6791ea5ae09725e17e5ad988134cd40b3d911"
  dependencies:
    sprintf-js "~1.0.2"

asap@~2.0.3:
  version "2.0.6"
  resolved "https://registry.yarnpkg.com/asap/-/asap-2.0.6.tgz#e50347611d7e690943208bbdafebcbc2fb866d46"

babel-code-frame@^6.22.0:
  version "6.26.0"
  resolved "https://registry.yarnpkg.com/babel-code-frame/-/babel-code-frame-6.26.0.tgz#63fd43f7dc1e3bb7ce35947db8fe369a3f58c74b"
  dependencies:
    chalk "^1.1.3"
    esutils "^2.0.2"
    js-tokens "^3.0.2"

babel-runtime@6.x.x:
  version "6.26.0"
  resolved "https://registry.yarnpkg.com/babel-runtime/-/babel-runtime-6.26.0.tgz#965c7058668e82b55d7bfe04ff2337bc8b5647fe"
  dependencies:
    core-js "^2.4.0"
    regenerator-runtime "^0.11.0"

balanced-match@^1.0.0:
  version "1.0.0"
  resolved "https://registry.yarnpkg.com/balanced-match/-/balanced-match-1.0.0.tgz#89b4d199ab2bee49de164ea02b89ce462d71b767"

big.js@^5.2.2:
  version "5.2.2"
  resolved "https://registry.yarnpkg.com/big.js/-/big.js-5.2.2.tgz#65f0af382f578bcdc742bd9c281e9cb2d7768328"

brace-expansion@^1.1.7:
  version "1.1.11"
  resolved "https://registry.yarnpkg.com/brace-expansion/-/brace-expansion-1.1.11.tgz#3c7fcbf529d87226f3d2f52b966ff5271eb441dd"
  dependencies:
    balanced-match "^1.0.0"
    concat-map "0.0.1"

builtin-modules@^1.1.1:
  version "1.1.1"
  resolved "https://registry.yarnpkg.com/builtin-modules/-/builtin-modules-1.1.1.tgz#270f076c5a72c02f5b65a47df94c5fe3a278892f"

chalk@^1.1.3:
  version "1.1.3"
  resolved "https://registry.yarnpkg.com/chalk/-/chalk-1.1.3.tgz#a8115c55e4a702fe4d150abd3872822a7e09fc98"
  dependencies:
    ansi-styles "^2.2.1"
    escape-string-regexp "^1.0.2"
    has-ansi "^2.0.0"
    strip-ansi "^3.0.0"
    supports-color "^2.0.0"

chalk@^2.3.0:
  version "2.3.2"
  resolved "https://registry.yarnpkg.com/chalk/-/chalk-2.3.2.tgz#250dc96b07491bfd601e648d66ddf5f60c7a5c65"
  dependencies:
    ansi-styles "^3.2.1"
    escape-string-regexp "^1.0.5"
    supports-color "^5.3.0"

charenc@~0.0.1:
  version "0.0.2"
  resolved "https://registry.yarnpkg.com/charenc/-/charenc-0.0.2.tgz#c0a1d2f3a7092e03774bfa83f14c0fc5790a8667"

classnames@^2.2.5:
  version "2.2.5"
  resolved "https://registry.yarnpkg.com/classnames/-/classnames-2.2.5.tgz#fb3801d453467649ef3603c7d61a02bd129bde6d"

color-convert@^1.9.0:
  version "1.9.1"
  resolved "https://registry.yarnpkg.com/color-convert/-/color-convert-1.9.1.tgz#c1261107aeb2f294ebffec9ed9ecad529a6097ed"
  dependencies:
    color-name "^1.1.1"

color-name@^1.1.1:
  version "1.1.3"
  resolved "https://registry.yarnpkg.com/color-name/-/color-name-1.1.3.tgz#a7d0558bd89c42f795dd42328f740831ca53bc25"

commander@^2.12.1:
  version "2.15.0"
  resolved "https://registry.yarnpkg.com/commander/-/commander-2.15.0.tgz#ad2a23a1c3b036e392469b8012cec6b33b4c1322"

concat-map@0.0.1:
  version "0.0.1"
  resolved "https://registry.yarnpkg.com/concat-map/-/concat-map-0.0.1.tgz#d8a96bd77fd68df7793a73036a3ba0d5405d477b"

core-js@^1.0.0:
  version "1.2.7"
  resolved "https://registry.yarnpkg.com/core-js/-/core-js-1.2.7.tgz#652294c14651db28fa93bd2d5ff2983a4f08c636"

core-js@^2.4.0:
  version "2.5.3"
  resolved "https://registry.yarnpkg.com/core-js/-/core-js-2.5.3.tgz#8acc38345824f16d8365b7c9b4259168e8ed603e"

core-js@^2.4.1:
  version "2.6.3"
  resolved "https://registry.yarnpkg.com/core-js/-/core-js-2.6.3.tgz#4b70938bdffdaf64931e66e2db158f0892289c49"

core-js@^2.5.7:
  version "2.5.7"
  resolved "https://registry.yarnpkg.com/core-js/-/core-js-2.5.7.tgz#f972608ff0cead68b841a16a932d0b183791814e"

crypt@~0.0.1:
  version "0.0.2"
  resolved "https://registry.yarnpkg.com/crypt/-/crypt-0.0.2.tgz#88d7ff7ec0dfb86f713dc87bbb42d044d3e6c41b"

csstype@^2.2.0:
  version "2.5.3"
  resolved "https://registry.yarnpkg.com/csstype/-/csstype-2.5.3.tgz#2504152e6e1cc59b32098b7f5d6a63f16294c1f7"

debounce@^1.2.0:
  version "1.2.0"
  resolved "https://registry.yarnpkg.com/debounce/-/debounce-1.2.0.tgz#44a540abc0ea9943018dc0eaa95cce87f65cd131"

deep-equal@^1.0.1:
  version "1.0.1"
  resolved "https://registry.yarnpkg.com/deep-equal/-/deep-equal-1.0.1.tgz#f5d260292b660e084eff4cdbc9f08ad3247448b5"

diff@^3.2.0:
  version "3.5.0"
  resolved "https://registry.yarnpkg.com/diff/-/diff-3.5.0.tgz#800c0dd1e0a8bfbc95835c202ad220fe317e5a12"

doctrine@^0.7.2, doctrine@0.7.2:
  version "0.7.2"
  resolved "https://registry.yarnpkg.com/doctrine/-/doctrine-0.7.2.tgz#7cb860359ba3be90e040b26b729ce4bfa654c523"
  dependencies:
    esutils "^1.1.6"
    isarray "0.0.1"

dom-walk@^0.1.0:
  version "0.1.1"
  resolved "https://registry.yarnpkg.com/dom-walk/-/dom-walk-0.1.1.tgz#672226dc74c8f799ad35307df936aba11acd6018"

emojis-list@^2.0.0:
  version "2.1.0"
  resolved "https://registry.yarnpkg.com/emojis-list/-/emojis-list-2.1.0.tgz#4daa4d9db00f9819880c79fa457ae5b09a1fd389"

encoding@^0.1.11:
  version "0.1.12"
  resolved "https://registry.yarnpkg.com/encoding/-/encoding-0.1.12.tgz#538b66f3ee62cd1ab51ec323829d1f9480c74beb"
  dependencies:
    iconv-lite "~0.4.13"

error-stack-parser@^1.3.6:
  version "1.3.6"
  resolved "https://registry.yarnpkg.com/error-stack-parser/-/error-stack-parser-1.3.6.tgz#e0e73b93e417138d1cd7c0b746b1a4a14854c292"
  dependencies:
    stackframe "^0.3.1"

escape-string-regexp@^1.0.2, escape-string-regexp@^1.0.5:
  version "1.0.5"
  resolved "https://registry.yarnpkg.com/escape-string-regexp/-/escape-string-regexp-1.0.5.tgz#1b61c0562190a8dff6ae3bb2cf0200ca130b86d4"

esprima@^4.0.0:
  version "4.0.0"
  resolved "https://registry.yarnpkg.com/esprima/-/esprima-4.0.0.tgz#4499eddcd1110e0b218bacf2fa7f7f59f55ca804"

esutils@^1.1.6:
  version "1.1.6"
  resolved "https://registry.yarnpkg.com/esutils/-/esutils-1.1.6.tgz#c01ccaa9ae4b897c6d0c3e210ae52f3c7a844375"

esutils@^2.0.2:
  version "2.0.2"
  resolved "https://registry.yarnpkg.com/esutils/-/esutils-2.0.2.tgz#0abf4f1caa5bcb1f7a9d8acc6dea4faaa04bac9b"

eventemitter3@^3.0.0:
  version "3.0.1"
  resolved "https://registry.yarnpkg.com/eventemitter3/-/eventemitter3-3.0.1.tgz#4ce66c3fc5b5a6b9f2245e359e1938f1ab10f960"

eventsource-polyfill@^0.9.6:
  version "0.9.6"
  resolved "https://registry.yarnpkg.com/eventsource-polyfill/-/eventsource-polyfill-0.9.6.tgz#10e0d187f111b167f28fdab918843ce7d818f13c"

exenv@^1.2.1, exenv@^1.2.2:
  version "1.2.2"
  resolved "https://registry.yarnpkg.com/exenv/-/exenv-1.2.2.tgz#2ae78e85d9894158670b03d47bec1f03bd91bb9d"

extract-files@^3.1.0:
  version "3.1.0"
  resolved "https://registry.yarnpkg.com/extract-files/-/extract-files-3.1.0.tgz#b70424c9d4a1a4208efe22069388f428e4ae00f1"
  dependencies:
    "@babel/runtime" "^7.0.0-beta.38"

fast-json-stable-stringify@^2.0.0:
  version "2.0.0"
  resolved "https://registry.yarnpkg.com/fast-json-stable-stringify/-/fast-json-stable-stringify-2.0.0.tgz#d5142c0caee6b1189f87d3a76111064f86c8bbf2"

fast-levenshtein@^2.0.6:
  version "2.0.6"
  resolved "https://registry.yarnpkg.com/fast-levenshtein/-/fast-levenshtein-2.0.6.tgz#3d8a5c66883a16a30ca8643e851f19baa7797917"

fbjs-css-vars@^1.0.0:
  version "1.0.2"
  resolved "https://registry.yarnpkg.com/fbjs-css-vars/-/fbjs-css-vars-1.0.2.tgz#216551136ae02fe255932c3ec8775f18e2c078b8"

fbjs@^0.8.16:
  version "0.8.17"
  resolved "https://registry.yarnpkg.com/fbjs/-/fbjs-0.8.17.tgz#c4d598ead6949112653d6588b01a5cdcd9f90fdd"
  dependencies:
    core-js "^1.0.0"
    isomorphic-fetch "^2.1.1"
    loose-envify "^1.0.0"
    object-assign "^4.1.0"
    promise "^7.1.1"
    setimmediate "^1.0.5"
    ua-parser-js "^0.7.18"

fbjs@^1.0.0:
  version "1.0.0"
  resolved "https://registry.yarnpkg.com/fbjs/-/fbjs-1.0.0.tgz#52c215e0883a3c86af2a7a776ed51525ae8e0a5a"
  dependencies:
    core-js "^2.4.1"
    fbjs-css-vars "^1.0.0"
    isomorphic-fetch "^2.1.1"
    loose-envify "^1.0.0"
    object-assign "^4.1.0"
    promise "^7.1.1"
    setimmediate "^1.0.5"
    ua-parser-js "^0.7.18"

fclone@^1.0.11:
  version "1.0.11"
  resolved "https://registry.yarnpkg.com/fclone/-/fclone-1.0.11.tgz#10e85da38bfea7fc599341c296ee1d77266ee640"

fs.realpath@^1.0.0:
  version "1.0.0"
  resolved "https://registry.yarnpkg.com/fs.realpath/-/fs.realpath-1.0.0.tgz#1504ad2523158caa40db4a2787cb01411994ea4f"

glob@^7.1.1:
  version "7.1.2"
  resolved "https://registry.yarnpkg.com/glob/-/glob-7.1.2.tgz#c19c9df9a028702d678612384a6552404c636d15"
  dependencies:
    fs.realpath "^1.0.0"
    inflight "^1.0.4"
    inherits "2"
    minimatch "^3.0.4"
    once "^1.3.0"
    path-is-absolute "^1.0.0"

global@^4.3.0:
  version "4.3.2"
  resolved "https://registry.yarnpkg.com/global/-/global-4.3.2.tgz#e76989268a6c74c38908b1305b10fc0e394e9d0f"
  dependencies:
    min-document "^2.19.0"
    process "~0.5.1"

graphql-anywhere@^4.1.0-alpha.0:
  version "4.1.27"
  resolved "https://registry.yarnpkg.com/graphql-anywhere/-/graphql-anywhere-4.1.27.tgz#7d013b4c51039ea6c46839a53abe924f8fffd4f3"
  dependencies:
    apollo-utilities "^1.1.2"
    tslib "^1.9.3"

graphql-anywhere@^4.1.19:
  version "4.1.19"
  resolved "https://registry.yarnpkg.com/graphql-anywhere/-/graphql-anywhere-4.1.19.tgz#5f6ca3b58218e5449f4798e3c6d942fcd2fef082"
  dependencies:
    apollo-utilities "^1.0.21"

graphql@^0.13.2:
  version "0.13.2"
  resolved "https://registry.yarnpkg.com/graphql/-/graphql-0.13.2.tgz#4c740ae3c222823e7004096f832e7b93b2108270"
  dependencies:
    iterall "^1.2.1"

has-ansi@^2.0.0:
  version "2.0.0"
  resolved "https://registry.yarnpkg.com/has-ansi/-/has-ansi-2.0.0.tgz#34f5049ce1ecdf2b0649af3ef24e45ed35416d91"
  dependencies:
    ansi-regex "^2.0.0"

has-flag@^3.0.0:
  version "3.0.0"
  resolved "https://registry.yarnpkg.com/has-flag/-/has-flag-3.0.0.tgz#b5d454dc2199ae225699f3467e5a07f3b955bafd"

hash.js@^1.1.3:
  version "1.1.3"
  resolved "https://registry.yarnpkg.com/hash.js/-/hash.js-1.1.3.tgz#340dedbe6290187151c1ea1d777a3448935df846"
  dependencies:
    inherits "^2.0.3"
    minimalistic-assert "^1.0.0"

history@^4.7.2:
  version "4.7.2"
  resolved "https://registry.yarnpkg.com/history/-/history-4.7.2.tgz#22b5c7f31633c5b8021c7f4a8a954ac139ee8d5b"
  dependencies:
    invariant "^2.2.1"
    loose-envify "^1.2.0"
    resolve-pathname "^2.2.0"
    value-equal "^0.4.0"
    warning "^3.0.0"

hoist-non-react-statics@^2.5.0:
  version "2.5.0"
  resolved "https://registry.yarnpkg.com/hoist-non-react-statics/-/hoist-non-react-statics-2.5.0.tgz#d2ca2dfc19c5a91c5a6615ce8e564ef0347e2a40"

hoist-non-react-statics@^3.0.0:
  version "3.2.1"
  resolved "https://registry.yarnpkg.com/hoist-non-react-statics/-/hoist-non-react-statics-3.2.1.tgz#c09c0555c84b38a7ede6912b61efddafd6e75e1e"
  dependencies:
    react-is "^16.3.2"

iconv-lite@~0.4.13:
  version "0.4.24"
  resolved "https://registry.yarnpkg.com/iconv-lite/-/iconv-lite-0.4.24.tgz#2022b4b25fbddc21d2f524974a474aafe733908b"
  dependencies:
    safer-buffer ">= 2.1.2 < 3"

inflight@^1.0.4:
  version "1.0.6"
  resolved "https://registry.yarnpkg.com/inflight/-/inflight-1.0.6.tgz#49bd6331d7d02d0c09bc910a1075ba8165b56df9"
  dependencies:
    once "^1.3.0"
    wrappy "1"

inherits@^2.0.3, inherits@2:
  version "2.0.3"
  resolved "https://registry.yarnpkg.com/inherits/-/inherits-2.0.3.tgz#633c2c83e3da42a502f52466022480f4208261de"

intl-format-cache@^2.0.5:
  version "2.1.0"
  resolved "https://registry.yarnpkg.com/intl-format-cache/-/intl-format-cache-2.1.0.tgz#04a369fecbfad6da6005bae1f14333332dcf9316"

intl-messageformat-parser@1.4.0:
  version "1.4.0"
  resolved "https://registry.yarnpkg.com/intl-messageformat-parser/-/intl-messageformat-parser-1.4.0.tgz#b43d45a97468cadbe44331d74bb1e8dea44fc075"

intl-messageformat@^2.0.0, intl-messageformat@^2.1.0:
  version "2.2.0"
  resolved "https://registry.yarnpkg.com/intl-messageformat/-/intl-messageformat-2.2.0.tgz#345bcd46de630b7683330c2e52177ff5eab484fc"
  dependencies:
    intl-messageformat-parser "1.4.0"

intl-relativeformat@^2.0.0:
  version "2.1.0"
  resolved "https://registry.yarnpkg.com/intl-relativeformat/-/intl-relativeformat-2.1.0.tgz#010f1105802251f40ac47d0e3e1a201348a255df"
  dependencies:
    intl-messageformat "^2.0.0"

invariant@^2.1.1, invariant@^2.2.1:
  version "2.2.3"
  resolved "https://registry.yarnpkg.com/invariant/-/invariant-2.2.3.tgz#1a827dfde7dcbd7c323f0ca826be8fa7c5e9d688"
  dependencies:
    loose-envify "^1.0.0"

invariant@^2.2.2:
  version "2.2.4"
  resolved "https://registry.yarnpkg.com/invariant/-/invariant-2.2.4.tgz#610f3c92c9359ce1db616e538008d23ff35158e6"
  dependencies:
    loose-envify "^1.0.0"

is-buffer@~1.1.1:
  version "1.1.6"
  resolved "https://registry.yarnpkg.com/is-buffer/-/is-buffer-1.1.6.tgz#efaa2ea9daa0d7ab2ea13a97b2b8ad51fefbe8be"

is-stream@^1.0.1:
  version "1.1.0"
  resolved "https://registry.yarnpkg.com/is-stream/-/is-stream-1.1.0.tgz#12d4a3dd4e68e0b79ceb8dbc84173ae80d91ca44"

isarray@0.0.1:
  version "0.0.1"
  resolved "https://registry.yarnpkg.com/isarray/-/isarray-0.0.1.tgz#8a18acfca9a8f4177e09abfc6038939b05d1eedf"

isomorphic-fetch@^2.1.1:
  version "2.2.1"
  resolved "https://registry.yarnpkg.com/isomorphic-fetch/-/isomorphic-fetch-2.2.1.tgz#611ae1acf14f5e81f729507472819fe9733558a9"
  dependencies:
    node-fetch "^1.0.1"
    whatwg-fetch ">=0.10.0"

iterall@^1.2.1:
  version "1.2.2"
  resolved "https://registry.yarnpkg.com/iterall/-/iterall-1.2.2.tgz#92d70deb8028e0c39ff3164fdbf4d8b088130cd7"

js-base64@^2.4.9:
  version "2.4.9"
  resolved "https://registry.yarnpkg.com/js-base64/-/js-base64-2.4.9.tgz#748911fb04f48a60c4771b375cac45a80df11c03"

js-tokens@^3.0.0, js-tokens@^3.0.2:
  version "3.0.2"
  resolved "https://registry.yarnpkg.com/js-tokens/-/js-tokens-3.0.2.tgz#9866df395102130e38f7f996bceb65443209c25b"

"js-tokens@^3.0.0 || ^4.0.0":
  version "4.0.0"
  resolved "https://registry.yarnpkg.com/js-tokens/-/js-tokens-4.0.0.tgz#19203fb59991df98e3a287050d4647cdeaf32499"

js-yaml@^3.7.0:
  version "3.11.0"
  resolved "https://registry.yarnpkg.com/js-yaml/-/js-yaml-3.11.0.tgz#597c1a8bd57152f26d622ce4117851a51f5ebaef"
  dependencies:
    argparse "^1.0.7"
    esprima "^4.0.0"

json5@^1.0.1:
  version "1.0.1"
  resolved "https://registry.yarnpkg.com/json5/-/json5-1.0.1.tgz#779fb0018604fa854eacbf6252180d83543e3dbe"
  dependencies:
    minimist "^1.2.0"

loader-utils@^1.1.0:
  version "1.2.3"
  resolved "https://registry.yarnpkg.com/loader-utils/-/loader-utils-1.2.3.tgz#1ff5dc6911c9f0a062531a4c04b609406108c2c7"
  dependencies:
    big.js "^5.2.2"
    emojis-list "^2.0.0"
    json5 "^1.0.1"

lodash.flowright@^3.5.0:
  version "3.5.0"
  resolved "https://registry.yarnpkg.com/lodash.flowright/-/lodash.flowright-3.5.0.tgz#2b5fff399716d7e7dc5724fe9349f67065184d67"

lodash.isequal@^4.5.0:
  version "4.5.0"
  resolved "https://registry.yarnpkg.com/lodash.isequal/-/lodash.isequal-4.5.0.tgz#415c4478f2bcc30120c22ce10ed3226f7d3e18e0"

lodash.merge@^4.6.1:
  version "4.6.1"
  resolved "https://registry.yarnpkg.com/lodash.merge/-/lodash.merge-4.6.1.tgz#adc25d9cb99b9391c59624f379fbba60d7111d54"

loose-envify@^1.0.0:
  version "1.4.0"
  resolved "https://registry.yarnpkg.com/loose-envify/-/loose-envify-1.4.0.tgz#71ee51fa7be4caec1a63839f7e682d8132d30caf"
  dependencies:
    js-tokens "^3.0.0 || ^4.0.0"

loose-envify@^1.1.0, loose-envify@^1.2.0, loose-envify@^1.3.1:
  version "1.3.1"
  resolved "https://registry.yarnpkg.com/loose-envify/-/loose-envify-1.3.1.tgz#d1a8ad33fa9ce0e713d65fdd0ac8b748d478c848"
  dependencies:
    js-tokens "^3.0.0"

md5@2.2.1:
  version "2.2.1"
  resolved "https://registry.yarnpkg.com/md5/-/md5-2.2.1.tgz#53ab38d5fe3c8891ba465329ea23fac0540126f9"
  dependencies:
    charenc "~0.0.1"
    crypt "~0.0.1"
    is-buffer "~1.1.1"

min-document@^2.19.0:
  version "2.19.0"
  resolved "https://registry.yarnpkg.com/min-document/-/min-document-2.19.0.tgz#7bd282e3f5842ed295bb748cdd9f1ffa2c824685"
  dependencies:
    dom-walk "^0.1.0"

minimalistic-assert@^1.0.0:
  version "1.0.0"
  resolved "https://registry.yarnpkg.com/minimalistic-assert/-/minimalistic-assert-1.0.0.tgz#702be2dda6b37f4836bcb3f5db56641b64a1d3d3"

minimatch@^3.0.4:
  version "3.0.4"
  resolved "https://registry.yarnpkg.com/minimatch/-/minimatch-3.0.4.tgz#5166e286457f03306064be5497e8dbb0c3d32083"
  dependencies:
    brace-expansion "^1.1.7"

minimist@^1.2.0:
  version "1.2.0"
  resolved "https://registry.yarnpkg.com/minimist/-/minimist-1.2.0.tgz#a35008b20f41383eec1fb914f4cd5df79a264284"

myvtex-sse@^1.2.0:
  version "1.2.0"
  resolved "https://registry.yarnpkg.com/myvtex-sse/-/myvtex-sse-1.2.0.tgz#5267f4e33360e836402a1bab55f76bb19aeba300"

node-fetch@^1.0.1:
  version "1.7.3"
  resolved "https://registry.yarnpkg.com/node-fetch/-/node-fetch-1.7.3.tgz#980f6f72d85211a5347c6b2bc18c5b84c3eb47ef"
  dependencies:
    encoding "^0.1.11"
    is-stream "^1.0.1"

object-assign@^4.0.1, object-assign@^4.1.0, object-assign@^4.1.1:
  version "4.1.1"
  resolved "https://registry.yarnpkg.com/object-assign/-/object-assign-4.1.1.tgz#2109adc7965887cfc05cbbd442cac8bfbb360863"

once@^1.3.0:
  version "1.4.0"
  resolved "https://registry.yarnpkg.com/once/-/once-1.4.0.tgz#583b1aa775961d4b113ac17d9c50baef9dd76bd1"
  dependencies:
    wrappy "1"

path-is-absolute@^1.0.0:
  version "1.0.1"
  resolved "https://registry.yarnpkg.com/path-is-absolute/-/path-is-absolute-1.0.1.tgz#174b9268735534ffbc7ace6bf53a5a9e1b5c5f5f"

path-parse@^1.0.5:
  version "1.0.5"
  resolved "https://registry.yarnpkg.com/path-parse/-/path-parse-1.0.5.tgz#3c1adf871ea9cd6c9431b6ea2bd74a0ff055c4c1"

process@~0.5.1:
  version "0.5.2"
  resolved "https://registry.yarnpkg.com/process/-/process-0.5.2.tgz#1638d8a8e34c2f440a91db95ab9aeb677fc185cf"

promise@^7.1.1:
  version "7.3.1"
  resolved "https://registry.yarnpkg.com/promise/-/promise-7.3.1.tgz#064b72602b18f90f29192b8b1bc418ffd1ebd3bf"
  dependencies:
    asap "~2.0.3"

prop-types@^15.5.4, prop-types@^15.6.0, prop-types@^15.6.1:
  version "15.6.1"
  resolved "https://registry.yarnpkg.com/prop-types/-/prop-types-15.6.1.tgz#36644453564255ddda391191fb3a125cbdf654ca"
  dependencies:
    fbjs "^0.8.16"
    loose-envify "^1.3.1"
    object-assign "^4.1.1"

qs@^6.5.1:
  version "6.5.1"
  resolved "https://registry.yarnpkg.com/qs/-/qs-6.5.1.tgz#349cdf6eef89ec45c12d7d5eb3fc0c870343a6d8"

ramda:
  version "0.26.1"
  resolved "https://registry.yarnpkg.com/ramda/-/ramda-0.26.1.tgz#8d41351eb8111c55353617fc3bbffad8e4d35d06"

react-apollo@^2.4.0:
  version "2.4.0"
  resolved "https://registry.yarnpkg.com/react-apollo/-/react-apollo-2.4.0.tgz#22f68c429120d3c332adaef0d02c60771055d9ea"
  dependencies:
    fbjs "^1.0.0"
    hoist-non-react-statics "^3.0.0"
    invariant "^2.2.2"
    lodash.flowright "^3.5.0"
    lodash.isequal "^4.5.0"
    prop-types "^15.6.0"

react-content-loader@^3.4.2:
  version "3.4.2"
  resolved "https://registry.yarnpkg.com/react-content-loader/-/react-content-loader-3.4.2.tgz#187fbec2aa389635e4613faa046713f196173f40"

react-dom@^16.4.0:
  version "16.4.0"
  resolved "https://registry.yarnpkg.com/react-dom/-/react-dom-16.4.0.tgz#099f067dd5827ce36a29eaf9a6cdc7cbf6216b1e"
  dependencies:
    fbjs "^0.8.16"
    loose-envify "^1.1.0"
    object-assign "^4.1.1"
    prop-types "^15.6.0"

react-helmet@^5.2.0:
  version "5.2.0"
  resolved "https://registry.yarnpkg.com/react-helmet/-/react-helmet-5.2.0.tgz#a81811df21313a6d55c5f058c4aeba5d6f3d97a7"
  dependencies:
    deep-equal "^1.0.1"
    object-assign "^4.1.1"
    prop-types "^15.5.4"
    react-side-effect "^1.1.0"

react-hot-loader@^4.3.12:
  version "4.6.3"
  resolved "https://registry.yarnpkg.com/react-hot-loader/-/react-hot-loader-4.6.3.tgz#d9c8923c45b35fd51538ba4297081a00be6bccb1"
  dependencies:
    fast-levenshtein "^2.0.6"
    global "^4.3.0"
    hoist-non-react-statics "^2.5.0"
    loader-utils "^1.1.0"
    lodash.merge "^4.6.1"
    prop-types "^15.6.1"
    react-lifecycles-compat "^3.0.4"
    shallowequal "^1.0.2"
    source-map "^0.7.3"

react-intl@^2.4.0:
  version "2.4.0"
  resolved "https://registry.yarnpkg.com/react-intl/-/react-intl-2.4.0.tgz#66c14dc9df9a73b2fbbfbd6021726e80a613eb15"
  dependencies:
    intl-format-cache "^2.0.5"
    intl-messageformat "^2.1.0"
    intl-relativeformat "^2.0.0"
    invariant "^2.1.1"

react-is@^16.3.2:
  version "16.7.0"
  resolved "https://registry.yarnpkg.com/react-is/-/react-is-16.7.0.tgz#c1bd21c64f1f1364c6f70695ec02d69392f41bfa"

react-lifecycles-compat@^3.0.4:
  version "3.0.4"
  resolved "https://registry.yarnpkg.com/react-lifecycles-compat/-/react-lifecycles-compat-3.0.4.tgz#4f1a273afdfc8f3488a8c516bfda78f872352362"

react-no-ssr@^1.1.0:
  version "1.1.0"
  resolved "https://registry.yarnpkg.com/react-no-ssr/-/react-no-ssr-1.1.0.tgz#313b48d2e26020f969ed98e472f10481604e3cc8"
  dependencies:
    babel-runtime "6.x.x"

react-side-effect@^1.1.0:
  version "1.1.5"
  resolved "https://registry.yarnpkg.com/react-side-effect/-/react-side-effect-1.1.5.tgz#f26059e50ed9c626d91d661b9f3c8bb38cd0ff2d"
  dependencies:
    exenv "^1.2.1"
    shallowequal "^1.0.1"

react@^16.4.0:
  version "16.4.0"
  resolved "https://registry.yarnpkg.com/react/-/react-16.4.0.tgz#402c2db83335336fba1962c08b98c6272617d585"
  dependencies:
    fbjs "^0.8.16"
    loose-envify "^1.1.0"
    object-assign "^4.1.1"
    prop-types "^15.6.0"

redbox-react@^1.6.0:
  version "1.6.0"
  resolved "https://registry.yarnpkg.com/redbox-react/-/redbox-react-1.6.0.tgz#e753ac02595bc1bf695b3935889a4f5b1b5a21a1"
  dependencies:
    error-stack-parser "^1.3.6"
    object-assign "^4.0.1"
    prop-types "^15.5.4"
    sourcemapped-stacktrace "^1.1.6"

regenerator-runtime@^0.11.0:
  version "0.11.1"
  resolved "https://registry.yarnpkg.com/regenerator-runtime/-/regenerator-runtime-0.11.1.tgz#be05ad7f9bf7d22e056f9726cee5017fbf19e2e9"

regenerator-runtime@^0.12.0:
  version "0.12.0"
  resolved "https://registry.yarnpkg.com/regenerator-runtime/-/regenerator-runtime-0.12.0.tgz#8052ac952d85b10f3425192cd0c53f45cf65c6cb"

resolve-pathname@^2.2.0:
  version "2.2.0"
  resolved "https://registry.yarnpkg.com/resolve-pathname/-/resolve-pathname-2.2.0.tgz#7e9ae21ed815fd63ab189adeee64dc831eefa879"

resolve@^1.3.2:
  version "1.5.0"
  resolved "https://registry.yarnpkg.com/resolve/-/resolve-1.5.0.tgz#1f09acce796c9a762579f31b2c1cc4c3cddf9f36"
  dependencies:
    path-parse "^1.0.5"

route-parser@^0.0.5:
  version "0.0.5"
  resolved "https://registry.yarnpkg.com/route-parser/-/route-parser-0.0.5.tgz#7d1d09d335e49094031ea16991a4a79b01bbe1f4"

"safer-buffer@>= 2.1.2 < 3":
  version "2.1.2"
  resolved "https://registry.yarnpkg.com/safer-buffer/-/safer-buffer-2.1.2.tgz#44fa161b0187b9549dd84bb91802f9bd8385cd6a"

semver@^5.3.0:
  version "5.5.0"
  resolved "https://registry.yarnpkg.com/semver/-/semver-5.5.0.tgz#dc4bbc7a6ca9d916dee5d43516f0092b58f7b8ab"

setimmediate@^1.0.5:
  version "1.0.5"
  resolved "https://registry.yarnpkg.com/setimmediate/-/setimmediate-1.0.5.tgz#290cbb232e306942d7d7ea9b83732ab7856f8285"

shallowequal@^1.0.1, shallowequal@^1.0.2:
  version "1.0.2"
  resolved "https://registry.yarnpkg.com/shallowequal/-/shallowequal-1.0.2.tgz#1561dbdefb8c01408100319085764da3fcf83f8f"

source-map@^0.7.3:
  version "0.7.3"
  resolved "https://registry.yarnpkg.com/source-map/-/source-map-0.7.3.tgz#5302f8169031735226544092e64981f751750383"

source-map@0.5.6:
  version "0.5.6"
  resolved "https://registry.yarnpkg.com/source-map/-/source-map-0.5.6.tgz#75ce38f52bf0733c5a7f0c118d81334a2bb5f412"

sourcemapped-stacktrace@^1.1.6:
  version "1.1.9"
  resolved "https://registry.yarnpkg.com/sourcemapped-stacktrace/-/sourcemapped-stacktrace-1.1.9.tgz#c744a99936b33b6891409f4d45c3d2b28ecded4a"
  dependencies:
    source-map "0.5.6"

sprintf-js@~1.0.2:
  version "1.0.3"
  resolved "https://registry.yarnpkg.com/sprintf-js/-/sprintf-js-1.0.3.tgz#04e6926f662895354f3dd015203633b857297e2c"

stackframe@^0.3.1:
  version "0.3.1"
  resolved "https://registry.yarnpkg.com/stackframe/-/stackframe-0.3.1.tgz#33aa84f1177a5548c8935533cbfeb3420975f5a4"

strip-ansi@^3.0.0:
  version "3.0.1"
  resolved "https://registry.yarnpkg.com/strip-ansi/-/strip-ansi-3.0.1.tgz#6a385fb8853d952d5ff05d0e8aaf94278dc63dcf"
  dependencies:
    ansi-regex "^2.0.0"

supports-color@^2.0.0:
  version "2.0.0"
  resolved "https://registry.yarnpkg.com/supports-color/-/supports-color-2.0.0.tgz#535d045ce6b6363fa40117084629995e9df324c7"

supports-color@^5.3.0:
  version "5.3.0"
  resolved "https://registry.yarnpkg.com/supports-color/-/supports-color-5.3.0.tgz#5b24ac15db80fa927cf5227a4a33fd3c4c7676c0"
  dependencies:
    has-flag "^3.0.0"

symbol-observable@^1.0.2:
  version "1.2.0"
  resolved "https://registry.yarnpkg.com/symbol-observable/-/symbol-observable-1.2.0.tgz#c22688aed4eab3cdc2dfeacbb561660560a00804"

tslib@^1.0.0, tslib@^1.7.1, tslib@^1.8.0, tslib@^1.8.1, tslib@1.9.0:
  version "1.9.0"
  resolved "https://registry.yarnpkg.com/tslib/-/tslib-1.9.0.tgz#e37a86fda8cbbaf23a057f473c9f4dc64e5fc2e8"

tslib@^1.9.3:
  version "1.9.3"
  resolved "https://registry.yarnpkg.com/tslib/-/tslib-1.9.3.tgz#d7e4dd79245d85428c4d7e4822a79917954ca286"

tslint-config-prettier@^1.6.0:
  version "1.10.0"
  resolved "https://registry.yarnpkg.com/tslint-config-prettier/-/tslint-config-prettier-1.10.0.tgz#5063c413d43de4f6988c73727f65ecfc239054ec"

tslint-config-vtex@^2.0.0:
  version "2.0.0"
  resolved "https://registry.yarnpkg.com/tslint-config-vtex/-/tslint-config-vtex-2.0.0.tgz#416c83bd3b4259aee3846198eb1bfa893c89feec"
  dependencies:
    tslint-config-prettier "^1.6.0"
    tslint-eslint-rules "^4.1.1"

tslint-eslint-rules@^4.1.1:
  version "4.1.1"
  resolved "https://registry.yarnpkg.com/tslint-eslint-rules/-/tslint-eslint-rules-4.1.1.tgz#7c30e7882f26bc276bff91d2384975c69daf88ba"
  dependencies:
    doctrine "^0.7.2"
    tslib "^1.0.0"
    tsutils "^1.4.0"

tslint-eslint-rules@^5.1.0:
  version "5.1.0"
  resolved "https://registry.yarnpkg.com/tslint-eslint-rules/-/tslint-eslint-rules-5.1.0.tgz#3232b318da55dbb5a83e3f5d657c1ddbb27b9ff2"
  dependencies:
    doctrine "0.7.2"
    tslib "1.9.0"
    tsutils "2.8.0"

tslint@^5.2.0:
  version "5.9.1"
  resolved "https://registry.yarnpkg.com/tslint/-/tslint-5.9.1.tgz#1255f87a3ff57eb0b0e1f0e610a8b4748046c9ae"
  dependencies:
    babel-code-frame "^6.22.0"
    builtin-modules "^1.1.1"
    chalk "^2.3.0"
    commander "^2.12.1"
    diff "^3.2.0"
    glob "^7.1.1"
    js-yaml "^3.7.0"
    minimatch "^3.0.4"
    resolve "^1.3.2"
    semver "^5.3.0"
    tslib "^1.8.0"
    tsutils "^2.12.1"

tsutils@^1.4.0:
  version "1.9.1"
  resolved "https://registry.yarnpkg.com/tsutils/-/tsutils-1.9.1.tgz#b9f9ab44e55af9681831d5f28d0aeeaf5c750cb0"

tsutils@^2.12.1:
  version "2.22.2"
  resolved "https://registry.yarnpkg.com/tsutils/-/tsutils-2.22.2.tgz#0b9f3d87aa3eb95bd32d26ce2b88aa329a657951"
  dependencies:
    tslib "^1.8.1"

tsutils@2.8.0:
  version "2.8.0"
  resolved "https://registry.yarnpkg.com/tsutils/-/tsutils-2.8.0.tgz#0160173729b3bf138628dd14a1537e00851d814a"
  dependencies:
    tslib "^1.7.1"

typescript@^3.2.2:
  version "3.2.2"
  resolved "https://registry.yarnpkg.com/typescript/-/typescript-3.2.2.tgz#fe8101c46aa123f8353523ebdcf5730c2ae493e5"

ua-parser-js@^0.7.18:
  version "0.7.19"
  resolved "https://registry.yarnpkg.com/ua-parser-js/-/ua-parser-js-0.7.19.tgz#94151be4c0a7fb1d001af7022fdaca4642659e4b"

value-equal@^0.4.0:
  version "0.4.0"
  resolved "https://registry.yarnpkg.com/value-equal/-/value-equal-0.4.0.tgz#c5bdd2f54ee093c04839d71ce2e4758a6890abc7"

warning@^3.0.0:
  version "3.0.0"
  resolved "https://registry.yarnpkg.com/warning/-/warning-3.0.0.tgz#32e5377cb572de4ab04753bdf8821c01ed605b7c"
  dependencies:
    loose-envify "^1.0.0"

whatwg-fetch@>=0.10.0:
  version "3.0.0"
  resolved "https://registry.yarnpkg.com/whatwg-fetch/-/whatwg-fetch-3.0.0.tgz#fc804e458cc460009b1a2b966bc8817d2578aefb"

wrappy@1:
  version "1.0.2"
  resolved "https://registry.yarnpkg.com/wrappy/-/wrappy-1.0.2.tgz#b5243d8f3ec1aa35f1364605bc0d1036e30ab69f"

zen-observable-ts@^0.8.10, zen-observable-ts@^0.8.13:
  version "0.8.13"
  resolved "https://registry.yarnpkg.com/zen-observable-ts/-/zen-observable-ts-0.8.13.tgz#ae1fd77c84ef95510188b1f8bca579d7a5448fc2"
  dependencies:
    zen-observable "^0.8.0"

zen-observable@^0.8.0:
  version "0.8.11"
  resolved "https://registry.yarnpkg.com/zen-observable/-/zen-observable-0.8.11.tgz#d3415885eeeb42ee5abb9821c95bb518fcd6d199"

